{
  "nodes": {
    "arkenfox-userjs": {
      "flake": false,
      "locked": {
        "lastModified": 1658668288,
        "narHash": "sha256-wfds6xSgYLUgFcHfKyCybgTD93Qi9CqssPUeAV5gnmE=",
        "owner": "arkenfox",
        "repo": "user.js",
        "rev": "996881aef184246a011ac29382e91d634cda7b65",
        "type": "github"
      },
      "original": {
        "owner": "arkenfox",
        "repo": "user.js",
        "type": "github"
      }
    },
    "audio-plugins": {
      "inputs": {
        "home-manager": "home-manager",
        "nixpkgs": [
          "nixpkgs"
        ]
      },
      "locked": {
        "lastModified": 1658811494,
        "narHash": "sha256-imhxT9Amlzkv7ZSKMoVR8Sq1+W+yTdTEbBss/GC6lcY=",
        "owner": "the-argus",
        "repo": "audio-plugins-nix",
        "rev": "77f72a9d9c1fc7a84eabf669433a71e9b49abd6c",
        "type": "github"
      },
      "original": {
        "owner": "the-argus",
        "repo": "audio-plugins-nix",
        "type": "github"
      }
    },
    "awesome": {
      "flake": false,
      "locked": {
        "lastModified": 1657641214,
        "narHash": "sha256-SxydaQScu0kvBn3VOnT29/Sji0Y+7my+tO46mpMggAQ=",
        "owner": "awesomeWM",
        "repo": "awesome",
        "rev": "b7bac1dc761f7e231355e76351500a97b27b6803",
        "type": "github"
      },
      "original": {
        "owner": "awesomeWM",
        "repo": "awesome",
        "type": "github"
      }
    },
    "chrome-extensions": {
      "inputs": {
        "flake-utils": "flake-utils",
        "nixpkgs": [
          "nixpkgs"
        ]
      },
      "locked": {
        "lastModified": 1658110672,
        "narHash": "sha256-+QBMCV1rW9TQbs3ZTC/9qwycCe7AhGk9/JswuGS+t98=",
        "owner": "the-argus",
        "repo": "chrome-extensions-nix",
        "rev": "41c1c9b400e713e44686d911a57c01a9f6f7d360",
        "type": "github"
      },
      "original": {
        "owner": "the-argus",
        "repo": "chrome-extensions-nix",
        "type": "github"
      }
    },
    "flake-utils": {
      "locked": {
        "lastModified": 1656928814,
        "narHash": "sha256-RIFfgBuKz6Hp89yRr7+NR5tzIAbn52h8vT6vXkYjZoM=",
        "owner": "numtide",
        "repo": "flake-utils",
        "rev": "7e2a3b3dfd9af950a856d66b0a7d01e3c18aa249",
        "type": "github"
      },
      "original": {
        "id": "flake-utils",
        "type": "indirect"
      }
    },
    "home-manager": {
      "inputs": {
        "nixpkgs": "nixpkgs",
        "utils": "utils"
      },
      "locked": {
        "lastModified": 1658751516,
        "narHash": "sha256-Y/3dHoTjbvYBtWd+TTBQJUIgDPO9d+Gqt05C5dyR7E4=",
        "owner": "nix-community",
        "repo": "home-manager",
        "rev": "dbed4c794d20d51027fc1107f063ec5be027dafc",
        "type": "github"
      },
      "original": {
        "id": "home-manager",
        "type": "indirect"
      }
    },
    "home-manager_2": {
      "inputs": {
        "nixpkgs": [
          "nixpkgs"
        ]
      },
      "locked": {
        "lastModified": 1656169755,
        "narHash": "sha256-Nlnm4jeQWEGjYrE6hxi/7HYHjBSZ/E0RtjCYifnNsWk=",
        "owner": "nix-community",
        "repo": "home-manager",
        "rev": "4a3d01fb53f52ac83194081272795aa4612c2381",
        "type": "github"
      },
      "original": {
        "owner": "nix-community",
        "ref": "release-22.05",
        "repo": "home-manager",
        "type": "github"
      }
    },
    "nixpkgs": {
      "locked": {
        "lastModified": 1654953433,
        "narHash": "sha256-TwEeh4r50NdWHFAHQSyjCk2cZxgwUfcCCAJOhPdXB28=",
        "owner": "nixos",
        "repo": "nixpkgs",
        "rev": "90cd5459a1fd707819b9a3fb9c852beaaac3b79a",
        "type": "github"
      },
      "original": {
        "owner": "nixos",
        "ref": "nixos-unstable",
        "repo": "nixpkgs",
        "type": "github"
      }
    },
    "nixpkgs-unstable": {
      "locked": {
        "lastModified": 1658737577,
        "narHash": "sha256-xosJ5nJT9HX+b6UWsSX6R+ap4AdZOCrl/r+IKFp2ASQ=",
        "owner": "NixOS",
        "repo": "nixpkgs",
        "rev": "5a0e0d73b944157328d54c4ded1cf2f0146a86a5",
        "type": "github"
      },
      "original": {
        "id": "nixpkgs",
        "ref": "nixos-unstable",
        "type": "indirect"
      }
    },
    "nixpkgs_2": {
      "locked": {
        "lastModified": 1658682607,
        "narHash": "sha256-XZ1fKlEkAQvgocuBYq9lXEP3eNW6gF9JHsPVsvkWMhU=",
        "owner": "NixOS",
        "repo": "nixpkgs",
        "rev": "d1ca40ea766da1b639937084d18d3e54e4e5da1b",
        "type": "github"
      },
      "original": {
        "id": "nixpkgs",
        "ref": "nixos-22.05",
        "type": "indirect"
      }
    },
    "nur": {
      "locked": {
        "lastModified": 1658808597,
        "narHash": "sha256-eF+5ofJJMmmg24qOKB182afQaWnK7ofJBWzoEsFRZ44=",
        "owner": "nix-community",
        "repo": "NUR",
        "rev": "832de65c95e35b7259e40816bef747169ad97b57",
        "type": "github"
      },
      "original": {
        "owner": "nix-community",
        "repo": "NUR",
        "type": "github"
      }
    },
    "nvim-config": {
      "flake": false,
      "locked": {
        "lastModified": 1655786523,
        "narHash": "sha256-9knQUg91bg1Vdyaz2WW9AaKk2QlWI/jK10JWr5F65DY=",
        "owner": "the-argus",
        "repo": "nvim-config",
        "rev": "4c394ae0f849a054042728b63a614d1850246830",
        "type": "github"
      },
      "original": {
        "owner": "the-argus",
        "repo": "nvim-config",
        "type": "github"
      }
    },
    "picom": {
      "flake": false,
      "locked": {
        "lastModified": 1640117623,
        "narHash": "sha256-1z4bKDoNgmG40y2DKTSSh1NCafrE1rkHkCB3ob8ibm4=",
        "owner": "Arian8j2",
        "repo": "picom-jonaburg-fix",
        "rev": "31d25da22b44f37cbb9be49fe5c239ef8d00df12",
        "type": "github"
      },
      "original": {
        "owner": "Arian8j2",
        "repo": "picom-jonaburg-fix",
        "type": "github"
      }
    },
    "plymouth-themes-src": {
      "flake": false,
      "locked": {
        "lastModified": 1626085315,
        "narHash": "sha256-VNGvA8ujwjpC2rTVZKrXni2GjfiZk7AgAn4ZB4Baj2k=",
        "owner": "adi1090x",
        "repo": "plymouth-themes",
        "rev": "bf2f570bee8e84c5c20caac353cbe1d811a4745f",
        "type": "github"
      },
      "original": {
        "owner": "adi1090x",
        "repo": "plymouth-themes",
        "type": "github"
      }
    },
    "ranger-devicons": {
      "flake": false,
      "locked": {
        "lastModified": 1653224349,
        "narHash": "sha256-YT7YFiTA2XtIoVzaVjUWMu6j4Nwo4iGzvOtjjWva/80=",
        "owner": "alexanderjeurissen",
        "repo": "ranger_devicons",
        "rev": "49fe4753c89615a32f14b2f4c78bbd02ee76be3c",
        "type": "github"
      },
      "original": {
        "owner": "alexanderjeurissen",
        "repo": "ranger_devicons",
        "type": "github"
      }
    },
    "root": {
      "inputs": {
        "arkenfox-userjs": "arkenfox-userjs",
        "audio-plugins": "audio-plugins",
        "awesome": "awesome",
        "chrome-extensions": "chrome-extensions",
        "home-manager": "home-manager_2",
        "nixpkgs": "nixpkgs_2",
        "nixpkgs-unstable": "nixpkgs-unstable",
        "nur": "nur",
        "nvim-config": "nvim-config",
        "picom": "picom",
        "plymouth-themes-src": "plymouth-themes-src",
        "ranger-devicons": "ranger-devicons",
        "rose-pine-gtk": "rose-pine-gtk"
      }
    },
    "rose-pine-gtk": {
      "flake": false,
      "locked": {
        "lastModified": 1658027130,
        "narHash": "sha256-fmd3xhjQg9wVG0plmJ12bS7Dx/izgGMEtW1Q5SAZSlM=",
        "owner": "rose-pine",
        "repo": "gtk",
        "rev": "8c3c59b2867d0aea501a2d2379b9c51caf95f5a6",
        "type": "github"
      },
      "original": {
        "owner": "rose-pine",
        "repo": "gtk",
        "type": "github"
      }
    },
    "utils": {
      "locked": {
        "lastModified": 1653893745,
        "narHash": "sha256-0jntwV3Z8//YwuOjzhV2sgJJPt+HY6KhU7VZUL0fKZQ=",
        "owner": "numtide",
        "repo": "flake-utils",
        "rev": "1ed9fb1935d260de5fe1c2f7ee0ebaae17ed2fa1",
        "type": "github"
      },
      "original": {
        "owner": "numtide",
        "repo": "flake-utils",
        "type": "github"
      }
    }
  },
  "root": "root",
  "version": 7
}
