{
  "nodes": {
    "arkenfox-userjs": {
      "flake": false,
      "locked": {
        "lastModified": 1717796213,
        "narHash": "sha256-Ex+eSb7tZ428MMJDIF/nqUOtnzjqEIPNaDXJPm9FvuY=",
        "owner": "arkenfox",
        "repo": "user.js",
        "rev": "47cbf5b9740ef59ed866874346d3fee3379f8da3",
        "type": "github"
      },
      "original": {
        "owner": "arkenfox",
        "repo": "user.js",
        "type": "github"
      }
    },
    "audio-plugins": {
      "inputs": {
        "nixpkgs": "nixpkgs"
      },
      "locked": {
        "lastModified": 1721830984,
        "narHash": "sha256-F5KLpG/pLKROEp/v2hqnrBHthp9bOdjjNdjA/ToC2RA=",
        "owner": "the-argus",
        "repo": "audio-plugins-nix",
        "rev": "ba247855242ec64703c78cf4c231001621290dac",
        "type": "github"
      },
      "original": {
        "owner": "the-argus",
        "repo": "audio-plugins-nix",
        "type": "github"
      }
    },
    "banner": {
      "inputs": {
        "nixpkgs": "nixpkgs_2"
      },
      "locked": {
        "lastModified": 1669224926,
        "narHash": "sha256-UK19yx8jNqbPfBZNUeJr2Sms7BhbDAUyJBF5w2CT6Hc=",
        "owner": "the-argus",
        "repo": "banner.nix",
        "rev": "253556f4068f5cb9728e49ac42d630cdc0ccfd58",
        "type": "github"
      },
      "original": {
        "owner": "the-argus",
        "repo": "banner.nix",
        "type": "github"
      }
    },
    "banner_2": {
      "inputs": {
        "nixpkgs": [
          "gtk-nix",
          "nixpkgs"
        ]
      },
      "locked": {
        "lastModified": 1669224926,
        "narHash": "sha256-UK19yx8jNqbPfBZNUeJr2Sms7BhbDAUyJBF5w2CT6Hc=",
        "owner": "the-argus",
        "repo": "banner.nix",
        "rev": "253556f4068f5cb9728e49ac42d630cdc0ccfd58",
        "type": "github"
      },
      "original": {
        "owner": "the-argus",
        "repo": "banner.nix",
        "type": "github"
      }
    },
    "banner_3": {
      "inputs": {
        "nixpkgs": [
          "nvim-config",
          "nixpkgs"
        ]
      },
      "locked": {
        "lastModified": 1669224926,
        "narHash": "sha256-UK19yx8jNqbPfBZNUeJr2Sms7BhbDAUyJBF5w2CT6Hc=",
        "owner": "the-argus",
        "repo": "banner.nix",
        "rev": "253556f4068f5cb9728e49ac42d630cdc0ccfd58",
        "type": "github"
      },
      "original": {
        "owner": "the-argus",
        "repo": "banner.nix",
        "type": "github"
      }
    },
    "bitwarden-rofi": {
      "inputs": {
        "nixpkgs": [
          "nixpkgs"
        ]
      },
      "locked": {
        "lastModified": 1710793242,
        "narHash": "sha256-zA/+yHwlnccOhhhkQwkLxhL0kuNsq4Z9h58vC0/QCxo=",
        "owner": "the-argus",
        "repo": "bitwarden-rofi",
        "rev": "bb9668ba2848c852b3b81c74cec9db919c3bcb3a",
        "type": "github"
      },
      "original": {
        "owner": "the-argus",
        "repo": "bitwarden-rofi",
        "type": "github"
      }
    },
    "chrome-extensions": {
      "inputs": {
        "flake-utils": "flake-utils",
        "nixpkgs": [
          "nixpkgs"
        ]
      },
      "locked": {
        "lastModified": 1658110672,
        "narHash": "sha256-+QBMCV1rW9TQbs3ZTC/9qwycCe7AhGk9/JswuGS+t98=",
        "owner": "the-argus",
        "repo": "chrome-extensions-nix",
        "rev": "41c1c9b400e713e44686d911a57c01a9f6f7d360",
        "type": "github"
      },
      "original": {
        "owner": "the-argus",
        "repo": "chrome-extensions-nix",
        "type": "github"
      }
    },
    "flake-compat": {
      "flake": false,
      "locked": {
        "lastModified": 1641205782,
        "narHash": "sha256-4jY7RCWUoZ9cKD8co0/4tFARpWB+57+r1bLLvXNJliY=",
        "owner": "edolstra",
        "repo": "flake-compat",
        "rev": "b7547d3eed6f32d06102ead8991ec52ab0a4f1a7",
        "type": "github"
      },
      "original": {
        "owner": "edolstra",
        "repo": "flake-compat",
        "type": "github"
      }
    },
    "flake-compat_2": {
      "flake": false,
      "locked": {
        "lastModified": 1641205782,
        "narHash": "sha256-4jY7RCWUoZ9cKD8co0/4tFARpWB+57+r1bLLvXNJliY=",
        "owner": "edolstra",
        "repo": "flake-compat",
        "rev": "b7547d3eed6f32d06102ead8991ec52ab0a4f1a7",
        "type": "github"
      },
      "original": {
        "owner": "edolstra",
        "repo": "flake-compat",
        "type": "github"
      }
    },
    "flake-utils": {
      "inputs": {
        "systems": "systems"
      },
      "locked": {
        "lastModified": 1710146030,
        "narHash": "sha256-SZ5L6eA7HJ/nmkzGG7/ISclqe6oZdOZTNoesiInkXPQ=",
        "owner": "numtide",
        "repo": "flake-utils",
        "rev": "b1d9ab70662946ef0850d488da1c9019f3a9752a",
        "type": "github"
      },
      "original": {
        "id": "flake-utils",
        "type": "indirect"
      }
    },
    "flake-utils_2": {
      "inputs": {
        "systems": "systems_2"
      },
      "locked": {
        "lastModified": 1689068808,
        "narHash": "sha256-6ixXo3wt24N/melDWjq70UuHQLxGV8jZvooRanIHXw0=",
        "owner": "numtide",
        "repo": "flake-utils",
        "rev": "919d646de7be200f3bf08cb76ae1f09402b6f9b4",
        "type": "github"
      },
      "original": {
        "owner": "numtide",
        "repo": "flake-utils",
        "type": "github"
      }
    },
    "flake-utils_3": {
      "inputs": {
        "systems": "systems_3"
      },
      "locked": {
        "lastModified": 1685518550,
        "narHash": "sha256-o2d0KcvaXzTrPRIo0kOLV0/QXHhDQ5DTi+OxcjO8xqY=",
        "owner": "numtide",
        "repo": "flake-utils",
        "rev": "a1720a10a6cfe8234c0e93907ffe81be440f4cef",
        "type": "github"
      },
      "original": {
        "owner": "numtide",
        "repo": "flake-utils",
        "type": "github"
      }
    },
    "flake-utils_4": {
      "locked": {
        "lastModified": 1644229661,
        "narHash": "sha256-1YdnJAsNy69bpcjuoKdOYQX0YxZBiCYZo4Twxerqv7k=",
        "owner": "numtide",
        "repo": "flake-utils",
        "rev": "3cecb5b042f7f209c56ffd8371b2711a290ec797",
        "type": "github"
      },
      "original": {
        "owner": "numtide",
        "repo": "flake-utils",
        "type": "github"
      }
    },
    "flake-utils_5": {
      "locked": {
        "lastModified": 1644229661,
        "narHash": "sha256-1YdnJAsNy69bpcjuoKdOYQX0YxZBiCYZo4Twxerqv7k=",
        "owner": "numtide",
        "repo": "flake-utils",
        "rev": "3cecb5b042f7f209c56ffd8371b2711a290ec797",
        "type": "github"
      },
      "original": {
        "owner": "numtide",
        "repo": "flake-utils",
        "type": "github"
      }
    },
    "flake-utils_6": {
      "inputs": {
        "systems": "systems_4"
      },
      "locked": {
        "lastModified": 1685518550,
        "narHash": "sha256-o2d0KcvaXzTrPRIo0kOLV0/QXHhDQ5DTi+OxcjO8xqY=",
        "owner": "numtide",
        "repo": "flake-utils",
        "rev": "a1720a10a6cfe8234c0e93907ffe81be440f4cef",
        "type": "github"
      },
      "original": {
        "owner": "numtide",
        "repo": "flake-utils",
        "type": "github"
      }
    },
    "gtk-nix": {
      "inputs": {
        "banner": "banner_2",
        "flake-utils": "flake-utils_2",
        "nixpkgs": [
          "nixpkgs"
        ]
      },
      "locked": {
        "lastModified": 1692384535,
        "narHash": "sha256-lFOEsDLV7kuEAcHS7HfyGewTcdSkzTxM+l3XwGhzLgU=",
        "owner": "the-argus",
        "repo": "gtk-nix",
        "rev": "e77b9e68aa818b87389c682b4fd018ad451a85d3",
        "type": "github"
      },
      "original": {
        "owner": "the-argus",
        "repo": "gtk-nix",
        "type": "github"
      }
    },
    "home-manager": {
      "inputs": {
        "nixpkgs": [
          "nixpkgs"
        ]
      },
      "locked": {
        "lastModified": 1717527182,
        "narHash": "sha256-vWSkg6AMok1UUQiSYVdGMOXKD2cDFnajITiSi0Zjd1A=",
        "owner": "nix-community",
        "repo": "home-manager",
        "rev": "845a5c4c073f74105022533907703441e0464bc3",
        "type": "github"
      },
      "original": {
        "owner": "nix-community",
        "ref": "release-24.05",
        "repo": "home-manager",
        "type": "github"
      }
    },
    "neorg": {
      "flake": false,
      "locked": {
        "lastModified": 1686164224,
        "narHash": "sha256-AzubePJokJnbKg+fwKmk8nPzQgE6yyewHTFsfdPa7nU=",
        "owner": "nvim-neorg",
        "repo": "neorg",
        "rev": "9a55117b6175e63d86346bb893392cdf0b6ad2cc",
        "type": "github"
      },
      "original": {
        "owner": "nvim-neorg",
        "repo": "neorg",
        "type": "github"
      }
    },
    "neorg-overlay": {
      "inputs": {
        "flake-utils": "flake-utils_3",
        "neorg": "neorg",
        "neorg-telescope": "neorg-telescope",
        "nixpkgs": "nixpkgs_4",
        "norg": "norg",
        "norg-meta": "norg-meta"
      },
      "locked": {
        "lastModified": 1686852899,
        "narHash": "sha256-+AGLt+8XV0G055L2kdQSViLHGXFxT0KoQAyFDXeYEHc=",
        "owner": "nvim-neorg",
        "repo": "nixpkgs-neorg-overlay",
        "rev": "d436ca1e7f4b3a3d9879012cbf190c2a84a070a6",
        "type": "github"
      },
      "original": {
        "owner": "nvim-neorg",
        "repo": "nixpkgs-neorg-overlay",
        "type": "github"
      }
    },
    "neorg-telescope": {
      "flake": false,
      "locked": {
        "lastModified": 1684586810,
        "narHash": "sha256-xSaFfrZU7F2XbwOH5+oHdlhBtJ2e5DJ8aL+SJMQe1gI=",
        "owner": "nvim-neorg",
        "repo": "neorg-telescope",
        "rev": "d24f445c912451ddbf17cbe8da36561b51b10d39",
        "type": "github"
      },
      "original": {
        "owner": "nvim-neorg",
        "repo": "neorg-telescope",
        "type": "github"
      }
    },
    "nixpkgs": {
      "locked": {
        "lastModified": 1668765800,
        "narHash": "sha256-rC40+/W6Hio7b/RsY8SvQPKNx4WqNcTgfYv8cUMAvJk=",
        "owner": "nixos",
        "repo": "nixpkgs",
        "rev": "52b2ac8ae18bbad4374ff0dd5aeee0fdf1aea739",
        "type": "github"
      },
      "original": {
        "owner": "nixos",
        "ref": "nixos-unstable",
        "repo": "nixpkgs",
        "type": "github"
      }
    },
    "nixpkgs-pinned": {
      "locked": {
        "lastModified": 1685383865,
        "narHash": "sha256-3uQytfnotO6QJv3r04ajSXbEFMII0dUtw0uqYlZ4dbk=",
        "owner": "NixOS",
        "repo": "nixpkgs",
        "rev": "5e871d8aa6f57cc8e0dc087d1c5013f6e212b4ce",
        "type": "github"
      },
      "original": {
        "owner": "NixOS",
        "repo": "nixpkgs",
        "rev": "5e871d8aa6f57cc8e0dc087d1c5013f6e212b4ce",
        "type": "github"
      }
    },
    "nixpkgs-unstable": {
      "locked": {
        "lastModified": 1717786204,
        "narHash": "sha256-4q0s6m0GUcN7q+Y2DqD27iLvbcd1G50T2lv08kKxkSI=",
        "owner": "nixos",
        "repo": "nixpkgs",
        "rev": "051f920625ab5aabe37c920346e3e69d7d34400e",
        "type": "github"
      },
      "original": {
        "owner": "nixos",
        "ref": "nixos-unstable",
        "repo": "nixpkgs",
        "type": "github"
      }
    },
    "nixpkgs_2": {
      "locked": {
        "lastModified": 1666867875,
        "narHash": "sha256-3nD7iQXd/J6KjkT8IjozTuA5p8qjiLKTxvOUmH+AzNM=",
        "owner": "nixos",
        "repo": "nixpkgs",
        "rev": "c132d0837dfb9035701dcd8fc91786c605c855c3",
        "type": "github"
      },
      "original": {
        "owner": "nixos",
        "ref": "nixos-22.05",
        "repo": "nixpkgs",
        "type": "github"
      }
    },
    "nixpkgs_3": {
      "locked": {
        "lastModified": 1717952948,
        "narHash": "sha256-mJi4/gjiwQlSaxjA6AusXBN/6rQRaPCycR7bd8fydnQ=",
        "owner": "nixos",
        "repo": "nixpkgs",
        "rev": "2819fffa7fa42156680f0d282c60d81e8fb185b7",
        "type": "github"
      },
      "original": {
        "owner": "nixos",
        "ref": "nixos-24.05",
        "repo": "nixpkgs",
        "type": "github"
      }
    },
    "nixpkgs_4": {
      "locked": {
        "lastModified": 1686767166,
        "narHash": "sha256-zrdYWQc6KaTXSFTI9LBbnrJ/X7UKaYp2HEXl97tSSmU=",
        "owner": "NixOS",
        "repo": "nixpkgs",
        "rev": "ff1cd885da89c8f27091d7cf45af95b97970170f",
        "type": "github"
      },
      "original": {
        "owner": "NixOS",
        "ref": "nixpkgs-unstable",
        "repo": "nixpkgs",
        "type": "github"
      }
    },
    "nixpkgs_5": {
      "locked": {
        "lastModified": 1644486793,
        "narHash": "sha256-EeijR4guVHgVv+JpOX3cQO+1XdrkJfGmiJ9XVsVU530=",
        "owner": "NixOS",
        "repo": "nixpkgs",
        "rev": "1882c6b7368fd284ad01b0a5b5601ef136321292",
        "type": "github"
      },
      "original": {
        "owner": "NixOS",
        "ref": "nixpkgs-unstable",
        "repo": "nixpkgs",
        "type": "github"
      }
    },
    "nixpkgs_6": {
      "locked": {
        "lastModified": 1644486793,
        "narHash": "sha256-EeijR4guVHgVv+JpOX3cQO+1XdrkJfGmiJ9XVsVU530=",
        "owner": "NixOS",
        "repo": "nixpkgs",
        "rev": "1882c6b7368fd284ad01b0a5b5601ef136321292",
        "type": "github"
      },
      "original": {
        "owner": "NixOS",
        "ref": "nixpkgs-unstable",
        "repo": "nixpkgs",
        "type": "github"
      }
    },
    "nobar": {
      "inputs": {
        "nixpkgs": [
          "nixpkgs"
        ]
      },
      "locked": {
        "lastModified": 1674655952,
        "narHash": "sha256-FoacsHFbHyNejwdFYrA2kXFgJ2VNoDG7JS13RV99R7s=",
        "owner": "the-argus",
        "repo": "nobar",
        "rev": "acafc84fa8882df05b7bd3ba8d57132bf3473fd0",
        "type": "github"
      },
      "original": {
        "owner": "the-argus",
        "repo": "nobar",
        "type": "github"
      }
    },
    "norg": {
      "inputs": {
        "flake-compat": "flake-compat",
        "flake-utils": "flake-utils_4",
        "nixpkgs": "nixpkgs_5"
      },
      "locked": {
        "lastModified": 1672582520,
        "narHash": "sha256-kv3UiJUqMSF1qd3r4OCWomVTHTYjwX/EBRWm8mOSdwg=",
        "owner": "nvim-neorg",
        "repo": "tree-sitter-norg",
        "rev": "d7a466e182a532065a559dbfc7a847271d5e9c29",
        "type": "github"
      },
      "original": {
        "owner": "nvim-neorg",
        "ref": "dev",
        "repo": "tree-sitter-norg",
        "type": "github"
      }
    },
    "norg-meta": {
      "inputs": {
        "flake-compat": "flake-compat_2",
        "flake-utils": "flake-utils_5",
        "nixpkgs": "nixpkgs_6"
      },
      "locked": {
        "lastModified": 1685293302,
        "narHash": "sha256-7tCmYem8vpgG+9HM92cbQH1r+h+iRDf7wfrxQGoadO8=",
        "owner": "nvim-neorg",
        "repo": "tree-sitter-norg-meta",
        "rev": "a479d1ca05848d0b51dd25bc9f71a17e0108b240",
        "type": "github"
      },
      "original": {
        "owner": "nvim-neorg",
        "repo": "tree-sitter-norg-meta",
        "type": "github"
      }
    },
    "nvim-config": {
      "inputs": {
        "banner": "banner_3",
        "neorg-overlay": "neorg-overlay",
        "nixpkgs": [
          "nixpkgs-unstable"
        ],
        "nixpkgs-pinned": "nixpkgs-pinned"
      },
      "locked": {
        "lastModified": 1726871706,
        "narHash": "sha256-b5prsq5GlGWRy6mkDA7QQ40KbkHpsRyGUGQAQHdDnfc=",
        "owner": "the-argus",
        "repo": "nvim-config",
        "rev": "0ac6956bb962846356879c22384fe792f892b070",
        "type": "github"
      },
      "original": {
        "owner": "the-argus",
        "repo": "nvim-config",
        "type": "github"
      }
    },
    "root": {
      "inputs": {
        "arkenfox-userjs": "arkenfox-userjs",
        "audio-plugins": "audio-plugins",
        "banner": "banner",
        "bitwarden-rofi": "bitwarden-rofi",
        "chrome-extensions": "chrome-extensions",
        "gtk-nix": "gtk-nix",
        "home-manager": "home-manager",
        "nixpkgs": "nixpkgs_3",
        "nixpkgs-unstable": "nixpkgs-unstable",
        "nobar": "nobar",
        "nvim-config": "nvim-config",
        "rycee-expressions": "rycee-expressions",
        "spicetify-nix": "spicetify-nix"
      }
    },
    "rycee-expressions": {
      "flake": false,
      "locked": {
        "lastModified": 1718052785,
        "narHash": "sha256-6gNCh77h85s1B67ZmW0XNkdvvddliVcK2TyBfE4fxPg=",
        "owner": "rycee",
        "repo": "nur-expressions",
        "rev": "9839a687fd85f9533b2f4d9dce16392ffc03b179",
        "type": "gitlab"
      },
      "original": {
        "owner": "rycee",
        "repo": "nur-expressions",
        "type": "gitlab"
      }
    },
    "spicetify-nix": {
      "inputs": {
        "flake-utils": "flake-utils_6",
        "nixpkgs": [
          "nixpkgs"
        ]
      },
      "locked": {
        "lastModified": 1704167711,
        "narHash": "sha256-kFDq+kf/Di/P8bq5sUP8pVwRkrSVrABksBjMPmLic3s=",
        "owner": "the-argus",
        "repo": "spicetify-nix",
        "rev": "1325416f951d6a82cfddb1289864ad782e2b87c4",
        "type": "github"
      },
      "original": {
        "owner": "the-argus",
        "repo": "spicetify-nix",
        "type": "github"
      }
    },
    "systems": {
      "locked": {
        "lastModified": 1681028828,
        "narHash": "sha256-Vy1rq5AaRuLzOxct8nz4T6wlgyUR7zLU309k9mBC768=",
        "owner": "nix-systems",
        "repo": "default",
        "rev": "da67096a3b9bf56a91d16901293e51ba5b49a27e",
        "type": "github"
      },
      "original": {
        "owner": "nix-systems",
        "repo": "default",
        "type": "github"
      }
    },
    "systems_2": {
      "locked": {
        "lastModified": 1681028828,
        "narHash": "sha256-Vy1rq5AaRuLzOxct8nz4T6wlgyUR7zLU309k9mBC768=",
        "owner": "nix-systems",
        "repo": "default",
        "rev": "da67096a3b9bf56a91d16901293e51ba5b49a27e",
        "type": "github"
      },
      "original": {
        "owner": "nix-systems",
        "repo": "default",
        "type": "github"
      }
    },
    "systems_3": {
      "locked": {
        "lastModified": 1681028828,
        "narHash": "sha256-Vy1rq5AaRuLzOxct8nz4T6wlgyUR7zLU309k9mBC768=",
        "owner": "nix-systems",
        "repo": "default",
        "rev": "da67096a3b9bf56a91d16901293e51ba5b49a27e",
        "type": "github"
      },
      "original": {
        "owner": "nix-systems",
        "repo": "default",
        "type": "github"
      }
    },
    "systems_4": {
      "locked": {
        "lastModified": 1681028828,
        "narHash": "sha256-Vy1rq5AaRuLzOxct8nz4T6wlgyUR7zLU309k9mBC768=",
        "owner": "nix-systems",
        "repo": "default",
        "rev": "da67096a3b9bf56a91d16901293e51ba5b49a27e",
        "type": "github"
      },
      "original": {
        "owner": "nix-systems",
        "repo": "default",
        "type": "github"
      }
    }
  },
  "root": "root",
  "version": 7
}
