{
  "nodes": {
    "arkenfox-userjs": {
      "flake": false,
      "locked": {
        "lastModified": 1656722605,
        "narHash": "sha256-1M1lf3ah4I5KOPlTIZ52uEha8tuQu1wkgkdzEB4iK/0=",
        "owner": "arkenfox",
        "repo": "user.js",
        "rev": "ceacc9dd74086478d43ccf3a4f0bd5befda53a43",
        "type": "github"
      },
      "original": {
        "owner": "arkenfox",
        "repo": "user.js",
        "type": "github"
      }
    },
    "awesome": {
      "flake": false,
      "locked": {
        "lastModified": 1656603165,
        "narHash": "sha256-RRpwAIYNLkovXI0y/eXO9uRDqB4qQcXlnYYUCEmx/EA=",
        "owner": "awesomeWM",
        "repo": "awesome",
        "rev": "9ca7bb487a5d1d2d5c102f94cd9e8cb5b6e7ffaa",
        "type": "github"
      },
      "original": {
        "owner": "awesomeWM",
        "repo": "awesome",
        "type": "github"
      }
    },
    "home-manager": {
      "inputs": {
        "nixpkgs": [
          "nixpkgs"
        ]
      },
      "locked": {
        "lastModified": 1656169755,
        "narHash": "sha256-Nlnm4jeQWEGjYrE6hxi/7HYHjBSZ/E0RtjCYifnNsWk=",
        "owner": "nix-community",
        "repo": "home-manager",
        "rev": "4a3d01fb53f52ac83194081272795aa4612c2381",
        "type": "github"
      },
      "original": {
        "owner": "nix-community",
        "ref": "release-22.05",
        "repo": "home-manager",
        "type": "github"
      }
    },
    "kanagawa-gtk": {
      "flake": false,
      "locked": {
        "lastModified": 1655853426,
        "narHash": "sha256-UtheIBbQLDJjmC0HtmOszvfnzDF0HNxHJuvcFyJZPLc=",
        "owner": "Fausto-Korpsvart",
        "repo": "Kanagawa-GKT-Theme",
        "rev": "5ec6821f38d524598613d2ff939dafe96cdf38a3",
        "type": "github"
      },
      "original": {
        "owner": "Fausto-Korpsvart",
        "repo": "Kanagawa-GKT-Theme",
        "type": "github"
      }
    },
    "nixpkgs": {
      "locked": {
        "lastModified": 1657296039,
        "narHash": "sha256-Ghh39+aS+pw5sTP/ZO8VIKE6sBhMadDaQZtf+3yu4Vc=",
        "owner": "NixOS",
        "repo": "nixpkgs",
        "rev": "71d7a4c037dc4f3e98d5c4a81b941933cf5bf675",
        "type": "github"
      },
      "original": {
        "id": "nixpkgs",
        "ref": "nixos-22.05",
        "type": "indirect"
      }
    },
    "nixpkgs-unstable": {
      "locked": {
        "lastModified": 1657447684,
        "narHash": "sha256-FCP9AuU1q6PE3vOeM5SFf58f/UKPBAsoSGDUGamNBbo=",
        "owner": "NixOS",
        "repo": "nixpkgs",
        "rev": "5f43d8b088d3771274bcfb69d3c7435b1121ac88",
        "type": "github"
      },
      "original": {
        "id": "nixpkgs",
        "ref": "nixos-unstable",
        "type": "indirect"
      }
    },
    "nur": {
      "locked": {
        "lastModified": 1657535550,
        "narHash": "sha256-8WwxmlXe6o1Ob8rQan8R1H1NKSNaxqRuIuIU5RVhyd4=",
        "owner": "nix-community",
        "repo": "NUR",
        "rev": "f0faa262c28384df0c00ec2c64e8031c4fbd0a61",
        "type": "github"
      },
      "original": {
        "owner": "nix-community",
        "repo": "NUR",
        "type": "github"
      }
    },
    "nvim-config": {
      "flake": false,
      "locked": {
        "lastModified": 1655786523,
        "narHash": "sha256-9knQUg91bg1Vdyaz2WW9AaKk2QlWI/jK10JWr5F65DY=",
        "owner": "the-argus",
        "repo": "nvim-config",
        "rev": "4c394ae0f849a054042728b63a614d1850246830",
        "type": "github"
      },
      "original": {
        "owner": "the-argus",
        "repo": "nvim-config",
        "type": "github"
      }
    },
    "picom": {
      "flake": false,
      "locked": {
        "lastModified": 1640117623,
        "narHash": "sha256-1z4bKDoNgmG40y2DKTSSh1NCafrE1rkHkCB3ob8ibm4=",
        "owner": "Arian8j2",
        "repo": "picom-jonaburg-fix",
        "rev": "31d25da22b44f37cbb9be49fe5c239ef8d00df12",
        "type": "github"
      },
      "original": {
        "owner": "Arian8j2",
        "repo": "picom-jonaburg-fix",
        "type": "github"
      }
    },
    "plymouth-themes-src": {
      "flake": false,
      "locked": {
        "lastModified": 1626085315,
        "narHash": "sha256-VNGvA8ujwjpC2rTVZKrXni2GjfiZk7AgAn4ZB4Baj2k=",
        "owner": "adi1090x",
        "repo": "plymouth-themes",
        "rev": "bf2f570bee8e84c5c20caac353cbe1d811a4745f",
        "type": "github"
      },
      "original": {
        "owner": "adi1090x",
        "repo": "plymouth-themes",
        "type": "github"
      }
    },
    "ranger-devicons": {
      "flake": false,
      "locked": {
        "lastModified": 1653224349,
        "narHash": "sha256-YT7YFiTA2XtIoVzaVjUWMu6j4Nwo4iGzvOtjjWva/80=",
        "owner": "alexanderjeurissen",
        "repo": "ranger_devicons",
        "rev": "49fe4753c89615a32f14b2f4c78bbd02ee76be3c",
        "type": "github"
      },
      "original": {
        "owner": "alexanderjeurissen",
        "repo": "ranger_devicons",
        "type": "github"
      }
    },
    "root": {
      "inputs": {
        "arkenfox-userjs": "arkenfox-userjs",
        "awesome": "awesome",
        "home-manager": "home-manager",
        "kanagawa-gtk": "kanagawa-gtk",
        "nixpkgs": "nixpkgs",
        "nixpkgs-unstable": "nixpkgs-unstable",
        "nur": "nur",
        "nvim-config": "nvim-config",
        "picom": "picom",
        "plymouth-themes-src": "plymouth-themes-src",
        "ranger-devicons": "ranger-devicons",
        "rose-pine-gtk": "rose-pine-gtk"
      }
    },
    "rose-pine-gtk": {
      "flake": false,
      "locked": {
        "lastModified": 1651682403,
        "narHash": "sha256-xdOTgGw4eVFZQhJs1tqOKF/oA+6MF/S6WddZ/wsR9GA=",
        "owner": "rose-pine",
        "repo": "gtk",
        "rev": "44016dc3eab13b52039e755e1f7868fa7b0a7690",
        "type": "github"
      },
      "original": {
        "owner": "rose-pine",
        "repo": "gtk",
        "type": "github"
      }
    }
  },
  "root": "root",
  "version": 7
}
